
Microsoft Visual Studio Solution File, Format Version 12.00
# Visual Studio Version 17
VisualStudioVersion = 17.5.002.0
MinimumVisualStudioVersion = 10.0.40219.1
Project("{9A19103F-16F7-4668-BE54-9A1E7A4F7556}") = "main_server", "main_server\main_server.csproj", "{83B17BAD-AEEF-4EC2-B871-55180181585D}"
EndProject
Project("{9A19103F-16F7-4668-BE54-9A1E7A4F7556}") = "main_server_tests", "main_server_tests\main_server_tests.csproj", "{4D1390F2-68C8-4511-8FBC-A76A5C6A8FE3}"
EndProject
Project("{E53339B2-1760-4266-BCC7-CA923CBCF16C}") = "docker-compose", "docker-compose.dcproj", "{6AB1C402-1B1F-425A-8AF9-0BC843FA9E16}"
EndProject
Project("{2150E333-8FDC-42A3-9474-1A3956D46DE8}") = "Solution Items", "Solution Items", "{ED18062F-4120-42AF-BBE1-E03DF5966087}"
	ProjectSection(SolutionItems) = preProject
		.gitattributes = .gitattributes
	EndProjectSection
EndProject
Global
	GlobalSection(SolutionConfigurationPlatforms) = preSolution
		Debug|Any CPU = Debug|Any CPU
		Release|Any CPU = Release|Any CPU
	EndGlobalSection
	GlobalSection(ProjectConfigurationPlatforms) = postSolution
		{83B17BAD-AEEF-4EC2-B871-55180181585D}.Debug|Any CPU.ActiveCfg = Debug|Any CPU
		{83B17BAD-AEEF-4EC2-B871-55180181585D}.Debug|Any CPU.Build.0 = Debug|Any CPU
		{83B17BAD-AEEF-4EC2-B871-55180181585D}.Release|Any CPU.ActiveCfg = Release|Any CPU
		{83B17BAD-AEEF-4EC2-B871-55180181585D}.Release|Any CPU.Build.0 = Release|Any CPU
		{4D1390F2-68C8-4511-8FBC-A76A5C6A8FE3}.Debug|Any CPU.ActiveCfg = Debug|Any CPU
		{4D1390F2-68C8-4511-8FBC-A76A5C6A8FE3}.Debug|Any CPU.Build.0 = Debug|Any CPU
		{4D1390F2-68C8-4511-8FBC-A76A5C6A8FE3}.Release|Any CPU.ActiveCfg = Release|Any CPU
		{4D1390F2-68C8-4511-8FBC-A76A5C6A8FE3}.Release|Any CPU.Build.0 = Release|Any CPU
		{6AB1C402-1B1F-425A-8AF9-0BC843FA9E16}.Debug|Any CPU.ActiveCfg = Debug|Any CPU
		{6AB1C402-1B1F-425A-8AF9-0BC843FA9E16}.Debug|Any CPU.Build.0 = Debug|Any CPU
		{6AB1C402-1B1F-425A-8AF9-0BC843FA9E16}.Release|Any CPU.ActiveCfg = Release|Any CPU
		{6AB1C402-1B1F-425A-8AF9-0BC843FA9E16}.Release|Any CPU.Build.0 = Release|Any CPU
	EndGlobalSection
	GlobalSection(SolutionProperties) = preSolution
		HideSolutionNode = FALSE
	EndGlobalSection
	GlobalSection(ExtensibilityGlobals) = postSolution
		SolutionGuid = {9283609B-BAEA-464D-973C-1D61C681CC28}
	EndGlobalSection
EndGlobal
